
Microsoft Visual Studio Solution File, Format Version 12.00
# Visual Studio Version 16
VisualStudioVersion = 16.0.32802.440
MinimumVisualStudioVersion = 10.0.40219.1
Project("{FAE04EC0-301F-11D3-BF4B-00C04F79EFBC}") = "G00385433.UWP", "G00385433\G00385433.UWP\G00385433.UWP.csproj", "{39D774F6-5637-4CD0-A6D3-1EC4D07DA6B2}"
EndProject
Project("{FAE04EC0-301F-11D3-BF4B-00C04F79EFBC}") = "G00385433.Android", "G00385433\G00385433.Android\G00385433.Android.csproj", "{657D7EC5-EE47-4F5E-8862-F22984924005}"
EndProject
Project("{FAE04EC0-301F-11D3-BF4B-00C04F79EFBC}") = "G00385433.iOS", "G00385433\G00385433.iOS\G00385433.iOS.csproj", "{CE443223-ABB8-4AF8-9385-DFB09CF24436}"
EndProject
Project("{FAE04EC0-301F-11D3-BF4B-00C04F79EFBC}") = "G00385433", "G00385433\G00385433\G00385433.csproj", "{005781F2-35C3-46D2-8317-83C7047BA512}"
EndProject
Project("{2150E333-8FDC-42A3-9474-1A3956D46DE8}") = "Solution Items", "Solution Items", "{79539C2D-E34F-4B46-A3CA-13B8CABD629E}"
	ProjectSection(SolutionItems) = preProject
		..\..\..\Documents\background.png = ..\..\..\Documents\background.png
		..\..\..\Documents\mole1.png = ..\..\..\Documents\mole1.png
	EndProjectSection
EndProject
Global
	GlobalSection(SolutionConfigurationPlatforms) = preSolution
		Debug|Any CPU = Debug|Any CPU
		Debug|ARM = Debug|ARM
		Debug|iPhone = Debug|iPhone
		Debug|iPhoneSimulator = Debug|iPhoneSimulator
		Debug|x64 = Debug|x64
		Debug|x86 = Debug|x86
		Release|Any CPU = Release|Any CPU
		Release|ARM = Release|ARM
		Release|iPhone = Release|iPhone
		Release|iPhoneSimulator = Release|iPhoneSimulator
		Release|x64 = Release|x64
		Release|x86 = Release|x86
	EndGlobalSection
	GlobalSection(ProjectConfigurationPlatforms) = postSolution
		{39D774F6-5637-4CD0-A6D3-1EC4D07DA6B2}.Debug|Any CPU.ActiveCfg = Debug|x86
		{39D774F6-5637-4CD0-A6D3-1EC4D07DA6B2}.Debug|Any CPU.Build.0 = Debug|x86
		{39D774F6-5637-4CD0-A6D3-1EC4D07DA6B2}.Debug|Any CPU.Deploy.0 = Debug|x86
		{39D774F6-5637-4CD0-A6D3-1EC4D07DA6B2}.Debug|ARM.ActiveCfg = Debug|ARM
		{39D774F6-5637-4CD0-A6D3-1EC4D07DA6B2}.Debug|ARM.Build.0 = Debug|ARM
		{39D774F6-5637-4CD0-A6D3-1EC4D07DA6B2}.Debug|ARM.Deploy.0 = Debug|ARM
		{39D774F6-5637-4CD0-A6D3-1EC4D07DA6B2}.Debug|iPhone.ActiveCfg = Debug|x86
		{39D774F6-5637-4CD0-A6D3-1EC4D07DA6B2}.Debug|iPhone.Build.0 = Debug|x86
		{39D774F6-5637-4CD0-A6D3-1EC4D07DA6B2}.Debug|iPhone.Deploy.0 = Debug|x86
		{39D774F6-5637-4CD0-A6D3-1EC4D07DA6B2}.Debug|iPhoneSimulator.ActiveCfg = Debug|x86
		{39D774F6-5637-4CD0-A6D3-1EC4D07DA6B2}.Debug|iPhoneSimulator.Build.0 = Debug|x86
		{39D774F6-5637-4CD0-A6D3-1EC4D07DA6B2}.Debug|iPhoneSimulator.Deploy.0 = Debug|x86
		{39D774F6-5637-4CD0-A6D3-1EC4D07DA6B2}.Debug|x64.ActiveCfg = Debug|x64
		{39D774F6-5637-4CD0-A6D3-1EC4D07DA6B2}.Debug|x64.Build.0 = Debug|x64
		{39D774F6-5637-4CD0-A6D3-1EC4D07DA6B2}.Debug|x64.Deploy.0 = Debug|x64
		{39D774F6-5637-4CD0-A6D3-1EC4D07DA6B2}.Debug|x86.ActiveCfg = Debug|x86
		{39D774F6-5637-4CD0-A6D3-1EC4D07DA6B2}.Debug|x86.Build.0 = Debug|x86
		{39D774F6-5637-4CD0-A6D3-1EC4D07DA6B2}.Debug|x86.Deploy.0 = Debug|x86
		{39D774F6-5637-4CD0-A6D3-1EC4D07DA6B2}.Release|Any CPU.ActiveCfg = Release|x86
		{39D774F6-5637-4CD0-A6D3-1EC4D07DA6B2}.Release|Any CPU.Build.0 = Release|x86
		{39D774F6-5637-4CD0-A6D3-1EC4D07DA6B2}.Release|Any CPU.Deploy.0 = Release|x86
		{39D774F6-5637-4CD0-A6D3-1EC4D07DA6B2}.Release|ARM.ActiveCfg = Release|ARM
		{39D774F6-5637-4CD0-A6D3-1EC4D07DA6B2}.Release|ARM.Build.0 = Release|ARM
		{39D774F6-5637-4CD0-A6D3-1EC4D07DA6B2}.Release|ARM.Deploy.0 = Release|ARM
		{39D774F6-5637-4CD0-A6D3-1EC4D07DA6B2}.Release|iPhone.ActiveCfg = Release|x86
		{39D774F6-5637-4CD0-A6D3-1EC4D07DA6B2}.Release|iPhone.Build.0 = Release|x86
		{39D774F6-5637-4CD0-A6D3-1EC4D07DA6B2}.Release|iPhone.Deploy.0 = Release|x86
		{39D774F6-5637-4CD0-A6D3-1EC4D07DA6B2}.Release|iPhoneSimulator.ActiveCfg = Release|x86
		{39D774F6-5637-4CD0-A6D3-1EC4D07DA6B2}.Release|iPhoneSimulator.Build.0 = Release|x86
		{39D774F6-5637-4CD0-A6D3-1EC4D07DA6B2}.Release|iPhoneSimulator.Deploy.0 = Release|x86
		{39D774F6-5637-4CD0-A6D3-1EC4D07DA6B2}.Release|x64.ActiveCfg = Release|x64
		{39D774F6-5637-4CD0-A6D3-1EC4D07DA6B2}.Release|x64.Build.0 = Release|x64
		{39D774F6-5637-4CD0-A6D3-1EC4D07DA6B2}.Release|x64.Deploy.0 = Release|x64
		{39D774F6-5637-4CD0-A6D3-1EC4D07DA6B2}.Release|x86.ActiveCfg = Release|x86
		{39D774F6-5637-4CD0-A6D3-1EC4D07DA6B2}.Release|x86.Build.0 = Release|x86
		{39D774F6-5637-4CD0-A6D3-1EC4D07DA6B2}.Release|x86.Deploy.0 = Release|x86
		{657D7EC5-EE47-4F5E-8862-F22984924005}.Debug|Any CPU.ActiveCfg = Debug|Any CPU
		{657D7EC5-EE47-4F5E-8862-F22984924005}.Debug|Any CPU.Build.0 = Debug|Any CPU
		{657D7EC5-EE47-4F5E-8862-F22984924005}.Debug|Any CPU.Deploy.0 = Debug|Any CPU
		{657D7EC5-EE47-4F5E-8862-F22984924005}.Debug|ARM.ActiveCfg = Debug|Any CPU
		{657D7EC5-EE47-4F5E-8862-F22984924005}.Debug|ARM.Build.0 = Debug|Any CPU
		{657D7EC5-EE47-4F5E-8862-F22984924005}.Debug|ARM.Deploy.0 = Debug|Any CPU
		{657D7EC5-EE47-4F5E-8862-F22984924005}.Debug|iPhone.ActiveCfg = Debug|Any CPU
		{657D7EC5-EE47-4F5E-8862-F22984924005}.Debug|iPhone.Build.0 = Debug|Any CPU
		{657D7EC5-EE47-4F5E-8862-F22984924005}.Debug|iPhone.Deploy.0 = Debug|Any CPU
		{657D7EC5-EE47-4F5E-8862-F22984924005}.Debug|iPhoneSimulator.ActiveCfg = Debug|Any CPU
		{657D7EC5-EE47-4F5E-8862-F22984924005}.Debug|iPhoneSimulator.Build.0 = Debug|Any CPU
		{657D7EC5-EE47-4F5E-8862-F22984924005}.Debug|iPhoneSimulator.Deploy.0 = Debug|Any CPU
		{657D7EC5-EE47-4F5E-8862-F22984924005}.Debug|x64.ActiveCfg = Debug|Any CPU
		{657D7EC5-EE47-4F5E-8862-F22984924005}.Debug|x64.Build.0 = Debug|Any CPU
		{657D7EC5-EE47-4F5E-8862-F22984924005}.Debug|x64.Deploy.0 = Debug|Any CPU
		{657D7EC5-EE47-4F5E-8862-F22984924005}.Debug|x86.ActiveCfg = Debug|Any CPU
		{657D7EC5-EE47-4F5E-8862-F22984924005}.Debug|x86.Build.0 = Debug|Any CPU
		{657D7EC5-EE47-4F5E-8862-F22984924005}.Debug|x86.Deploy.0 = Debug|Any CPU
		{657D7EC5-EE47-4F5E-8862-F22984924005}.Release|Any CPU.ActiveCfg = Release|Any CPU
		{657D7EC5-EE47-4F5E-8862-F22984924005}.Release|Any CPU.Build.0 = Release|Any CPU
		{657D7EC5-EE47-4F5E-8862-F22984924005}.Release|Any CPU.Deploy.0 = Release|Any CPU
		{657D7EC5-EE47-4F5E-8862-F22984924005}.Release|ARM.ActiveCfg = Release|Any CPU
		{657D7EC5-EE47-4F5E-8862-F22984924005}.Release|ARM.Build.0 = Release|Any CPU
		{657D7EC5-EE47-4F5E-8862-F22984924005}.Release|ARM.Deploy.0 = Release|Any CPU
		{657D7EC5-EE47-4F5E-8862-F22984924005}.Release|iPhone.ActiveCfg = Release|Any CPU
		{657D7EC5-EE47-4F5E-8862-F22984924005}.Release|iPhone.Build.0 = Release|Any CPU
		{657D7EC5-EE47-4F5E-8862-F22984924005}.Release|iPhone.Deploy.0 = Release|Any CPU
		{657D7EC5-EE47-4F5E-8862-F22984924005}.Release|iPhoneSimulator.ActiveCfg = Release|Any CPU
		{657D7EC5-EE47-4F5E-8862-F22984924005}.Release|iPhoneSimulator.Build.0 = Release|Any CPU
		{657D7EC5-EE47-4F5E-8862-F22984924005}.Release|iPhoneSimulator.Deploy.0 = Release|Any CPU
		{657D7EC5-EE47-4F5E-8862-F22984924005}.Release|x64.ActiveCfg = Release|Any CPU
		{657D7EC5-EE47-4F5E-8862-F22984924005}.Release|x64.Build.0 = Release|Any CPU
		{657D7EC5-EE47-4F5E-8862-F22984924005}.Release|x64.Deploy.0 = Release|Any CPU
		{657D7EC5-EE47-4F5E-8862-F22984924005}.Release|x86.ActiveCfg = Release|Any CPU
		{657D7EC5-EE47-4F5E-8862-F22984924005}.Release|x86.Build.0 = Release|Any CPU
		{657D7EC5-EE47-4F5E-8862-F22984924005}.Release|x86.Deploy.0 = Release|Any CPU
		{CE443223-ABB8-4AF8-9385-DFB09CF24436}.Debug|Any CPU.ActiveCfg = Debug|iPhoneSimulator
		{CE443223-ABB8-4AF8-9385-DFB09CF24436}.Debug|Any CPU.Build.0 = Debug|iPhoneSimulator
		{CE443223-ABB8-4AF8-9385-DFB09CF24436}.Debug|Any CPU.Deploy.0 = Debug|iPhoneSimulator
		{CE443223-ABB8-4AF8-9385-DFB09CF24436}.Debug|ARM.ActiveCfg = Debug|iPhone
		{CE443223-ABB8-4AF8-9385-DFB09CF24436}.Debug|ARM.Build.0 = Debug|iPhone
		{CE443223-ABB8-4AF8-9385-DFB09CF24436}.Debug|ARM.Deploy.0 = Debug|iPhone
		{CE443223-ABB8-4AF8-9385-DFB09CF24436}.Debug|iPhone.ActiveCfg = Debug|iPhone
		{CE443223-ABB8-4AF8-9385-DFB09CF24436}.Debug|iPhone.Build.0 = Debug|iPhone
		{CE443223-ABB8-4AF8-9385-DFB09CF24436}.Debug|iPhone.Deploy.0 = Debug|iPhone
		{CE443223-ABB8-4AF8-9385-DFB09CF24436}.Debug|iPhoneSimulator.ActiveCfg = Debug|iPhoneSimulator
		{CE443223-ABB8-4AF8-9385-DFB09CF24436}.Debug|iPhoneSimulator.Build.0 = Debug|iPhoneSimulator
		{CE443223-ABB8-4AF8-9385-DFB09CF24436}.Debug|iPhoneSimulator.Deploy.0 = Debug|iPhoneSimulator
		{CE443223-ABB8-4AF8-9385-DFB09CF24436}.Debug|x64.ActiveCfg = Debug|iPhoneSimulator
		{CE443223-ABB8-4AF8-9385-DFB09CF24436}.Debug|x64.Build.0 = Debug|iPhoneSimulator
		{CE443223-ABB8-4AF8-9385-DFB09CF24436}.Debug|x64.Deploy.0 = Debug|iPhoneSimulator
		{CE443223-ABB8-4AF8-9385-DFB09CF24436}.Debug|x86.ActiveCfg = Debug|iPhoneSimulator
		{CE443223-ABB8-4AF8-9385-DFB09CF24436}.Debug|x86.Build.0 = Debug|iPhoneSimulator
		{CE443223-ABB8-4AF8-9385-DFB09CF24436}.Debug|x86.Deploy.0 = Debug|iPhoneSimulator
		{CE443223-ABB8-4AF8-9385-DFB09CF24436}.Release|Any CPU.ActiveCfg = Release|iPhoneSimulator
		{CE443223-ABB8-4AF8-9385-DFB09CF24436}.Release|Any CPU.Build.0 = Release|iPhoneSimulator
		{CE443223-ABB8-4AF8-9385-DFB09CF24436}.Release|Any CPU.Deploy.0 = Release|iPhoneSimulator
		{CE443223-ABB8-4AF8-9385-DFB09CF24436}.Release|ARM.ActiveCfg = Release|iPhoneSimulator
		{CE443223-ABB8-4AF8-9385-DFB09CF24436}.Release|ARM.Build.0 = Release|iPhoneSimulator
		{CE443223-ABB8-4AF8-9385-DFB09CF24436}.Release|ARM.Deploy.0 = Release|iPhoneSimulator
		{CE443223-ABB8-4AF8-9385-DFB09CF24436}.Release|iPhone.ActiveCfg = Release|iPhone
		{CE443223-ABB8-4AF8-9385-DFB09CF24436}.Release|iPhone.Build.0 = Release|iPhone
		{CE443223-ABB8-4AF8-9385-DFB09CF24436}.Release|iPhone.Deploy.0 = Release|iPhone
		{CE443223-ABB8-4AF8-9385-DFB09CF24436}.Release|iPhoneSimulator.ActiveCfg = Release|iPhoneSimulator
		{CE443223-ABB8-4AF8-9385-DFB09CF24436}.Release|iPhoneSimulator.Build.0 = Release|iPhoneSimulator
		{CE443223-ABB8-4AF8-9385-DFB09CF24436}.Release|iPhoneSimulator.Deploy.0 = Release|iPhoneSimulator
		{CE443223-ABB8-4AF8-9385-DFB09CF24436}.Release|x64.ActiveCfg = Release|iPhoneSimulator
		{CE443223-ABB8-4AF8-9385-DFB09CF24436}.Release|x64.Build.0 = Release|iPhoneSimulator
		{CE443223-ABB8-4AF8-9385-DFB09CF24436}.Release|x64.Deploy.0 = Release|iPhoneSimulator
		{CE443223-ABB8-4AF8-9385-DFB09CF24436}.Release|x86.ActiveCfg = Release|iPhoneSimulator
		{CE443223-ABB8-4AF8-9385-DFB09CF24436}.Release|x86.Build.0 = Release|iPhoneSimulator
		{CE443223-ABB8-4AF8-9385-DFB09CF24436}.Release|x86.Deploy.0 = Release|iPhoneSimulator
		{005781F2-35C3-46D2-8317-83C7047BA512}.Debug|Any CPU.ActiveCfg = Debug|Any CPU
		{005781F2-35C3-46D2-8317-83C7047BA512}.Debug|Any CPU.Build.0 = Debug|Any CPU
		{005781F2-35C3-46D2-8317-83C7047BA512}.Debug|Any CPU.Deploy.0 = Debug|Any CPU
		{005781F2-35C3-46D2-8317-83C7047BA512}.Debug|ARM.ActiveCfg = Debug|Any CPU
		{005781F2-35C3-46D2-8317-83C7047BA512}.Debug|ARM.Build.0 = Debug|Any CPU
		{005781F2-35C3-46D2-8317-83C7047BA512}.Debug|ARM.Deploy.0 = Debug|Any CPU
		{005781F2-35C3-46D2-8317-83C7047BA512}.Debug|iPhone.ActiveCfg = Debug|Any CPU
		{005781F2-35C3-46D2-8317-83C7047BA512}.Debug|iPhone.Build.0 = Debug|Any CPU
		{005781F2-35C3-46D2-8317-83C7047BA512}.Debug|iPhone.Deploy.0 = Debug|Any CPU
		{005781F2-35C3-46D2-8317-83C7047BA512}.Debug|iPhoneSimulator.ActiveCfg = Debug|Any CPU
		{005781F2-35C3-46D2-8317-83C7047BA512}.Debug|iPhoneSimulator.Build.0 = Debug|Any CPU
		{005781F2-35C3-46D2-8317-83C7047BA512}.Debug|iPhoneSimulator.Deploy.0 = Debug|Any CPU
		{005781F2-35C3-46D2-8317-83C7047BA512}.Debug|x64.ActiveCfg = Debug|Any CPU
		{005781F2-35C3-46D2-8317-83C7047BA512}.Debug|x64.Build.0 = Debug|Any CPU
		{005781F2-35C3-46D2-8317-83C7047BA512}.Debug|x64.Deploy.0 = Debug|Any CPU
		{005781F2-35C3-46D2-8317-83C7047BA512}.Debug|x86.ActiveCfg = Debug|Any CPU
		{005781F2-35C3-46D2-8317-83C7047BA512}.Debug|x86.Build.0 = Debug|Any CPU
		{005781F2-35C3-46D2-8317-83C7047BA512}.Debug|x86.Deploy.0 = Debug|Any CPU
		{005781F2-35C3-46D2-8317-83C7047BA512}.Release|Any CPU.ActiveCfg = Release|Any CPU
		{005781F2-35C3-46D2-8317-83C7047BA512}.Release|Any CPU.Build.0 = Release|Any CPU
		{005781F2-35C3-46D2-8317-83C7047BA512}.Release|Any CPU.Deploy.0 = Release|Any CPU
		{005781F2-35C3-46D2-8317-83C7047BA512}.Release|ARM.ActiveCfg = Release|Any CPU
		{005781F2-35C3-46D2-8317-83C7047BA512}.Release|ARM.Build.0 = Release|Any CPU
		{005781F2-35C3-46D2-8317-83C7047BA512}.Release|ARM.Deploy.0 = Release|Any CPU
		{005781F2-35C3-46D2-8317-83C7047BA512}.Release|iPhone.ActiveCfg = Release|Any CPU
		{005781F2-35C3-46D2-8317-83C7047BA512}.Release|iPhone.Build.0 = Release|Any CPU
		{005781F2-35C3-46D2-8317-83C7047BA512}.Release|iPhone.Deploy.0 = Release|Any CPU
		{005781F2-35C3-46D2-8317-83C7047BA512}.Release|iPhoneSimulator.ActiveCfg = Release|Any CPU
		{005781F2-35C3-46D2-8317-83C7047BA512}.Release|iPhoneSimulator.Build.0 = Release|Any CPU
		{005781F2-35C3-46D2-8317-83C7047BA512}.Release|iPhoneSimulator.Deploy.0 = Release|Any CPU
		{005781F2-35C3-46D2-8317-83C7047BA512}.Release|x64.ActiveCfg = Release|Any CPU
		{005781F2-35C3-46D2-8317-83C7047BA512}.Release|x64.Build.0 = Release|Any CPU
		{005781F2-35C3-46D2-8317-83C7047BA512}.Release|x64.Deploy.0 = Release|Any CPU
		{005781F2-35C3-46D2-8317-83C7047BA512}.Release|x86.ActiveCfg = Release|Any CPU
		{005781F2-35C3-46D2-8317-83C7047BA512}.Release|x86.Build.0 = Release|Any CPU
		{005781F2-35C3-46D2-8317-83C7047BA512}.Release|x86.Deploy.0 = Release|Any CPU
	EndGlobalSection
	GlobalSection(SolutionProperties) = preSolution
		HideSolutionNode = FALSE
	EndGlobalSection
	GlobalSection(ExtensibilityGlobals) = postSolution
		SolutionGuid = {8BCE7C2E-3D0B-49CC-95A7-E78D3B72AD10}
	EndGlobalSection
EndGlobal
